
Microsoft Visual Studio Solution File, Format Version 12.00
# Visual Studio Version 16
VisualStudioVersion = 16.0.30104.148
MinimumVisualStudioVersion = 10.0.40219.1
Project("{FAE04EC0-301F-11D3-BF4B-00C04F79EFBC}") = "DataImporter", "DataImporter\DataImporter.csproj", "{0FA2B279-5133-4BEE-9F21-F9C4B7C55F4D}"
EndProject
Global
	GlobalSection(SolutionConfigurationPlatforms) = preSolution
		Debug|Any CPU = Debug|Any CPU
		Release|Any CPU = Release|Any CPU
	EndGlobalSection
	GlobalSection(ProjectConfigurationPlatforms) = postSolution
		{0FA2B279-5133-4BEE-9F21-F9C4B7C55F4D}.Debug|Any CPU.ActiveCfg = Debug|Any CPU
		{0FA2B279-5133-4BEE-9F21-F9C4B7C55F4D}.Debug|Any CPU.Build.0 = Debug|Any CPU
		{0FA2B279-5133-4BEE-9F21-F9C4B7C55F4D}.Release|Any CPU.ActiveCfg = Release|Any CPU
		{0FA2B279-5133-4BEE-9F21-F9C4B7C55F4D}.Release|Any CPU.Build.0 = Release|Any CPU
	EndGlobalSection
	GlobalSection(SolutionProperties) = preSolution
		HideSolutionNode = FALSE
	EndGlobalSection
	GlobalSection(ExtensibilityGlobals) = postSolution
		SolutionGuid = {40A0CAEE-08D6-46B7-9CDB-7B7237D61FA8}
	EndGlobalSection
EndGlobal
